# This file was autogenerated by Stack.
# You should not edit this file by hand.
# For more information, please see the documentation at:
#   https://docs.haskellstack.org/en/stable/lock_files

packages:
- completed:
    hackage: unliftio-core-0.1.2.0@sha256:7f9b48adef8e36da0202e6e70a733a5e210263ed4177c93e47a4b3f89694194b,1081
    pantry-tree:
      size: 328
      sha256: 72be5813b35ba78db99459fb73a553a58b95a393005fdffb96eec3c1244f90c4
  original:
    hackage: unliftio-core-0.1.2.0
snapshots:
- completed:
    size: 424353
    url: https://raw.githubusercontent.com/commercialhaskell/stackage-snapshots/master/lts/6/22.yaml
    sha256: f2acd6e6fc1a171ab672e1bfd1952bcfe932acffd46c05baeb24a0f793ebd20d
  original: lts-6.22
